
Microsoft Visual Studio Solution File, Format Version 12.00
# Visual Studio Version 17
VisualStudioVersion = 17.0.31903.59
MinimumVisualStudioVersion = 10.0.40219.1
Project("{2150E333-8FDC-42A3-9474-1A3956D46DE8}") = "src", "src", "{827E0CD3-B72D-47B6-A68D-7590B98EB39B}"
EndProject
Project("{FAE04EC0-301F-11D3-BF4B-00C04F79EFBC}") = "BlogPlatform.Domain", "src\BlogPlatform.Domain\BlogPlatform.Domain.csproj", "{EDC9BCF9-FC99-4815-AF1B-6F8FD36A2FD3}"
EndProject
Project("{FAE04EC0-301F-11D3-BF4B-00C04F79EFBC}") = "BlogPlatform.Application", "src\BlogPlatform.Application\BlogPlatform.Application.csproj", "{E5602E61-D4C5-43CC-A9C5-F80C9788DF3C}"
EndProject
Project("{FAE04EC0-301F-11D3-BF4B-00C04F79EFBC}") = "BlogPlatform.Infrastructure", "src\BlogPlatform.Infrastructure\BlogPlatform.Infrastructure.csproj", "{F4D1E4B3-9651-4593-AFB2-A1F36F45C967}"
EndProject
Project("{FAE04EC0-301F-11D3-BF4B-00C04F79EFBC}") = "BlogPlatform.Api", "src\BlogPlatform.Api\BlogPlatform.Api.csproj", "{4F50BAEF-3E0E-4B94-B2F3-927492AEA375}"
EndProject
Project("{2150E333-8FDC-42A3-9474-1A3956D46DE8}") = "tests", "tests", "{0AB3BF05-4346-4AA6-1389-037BE0695223}"
EndProject
Project("{FAE04EC0-301F-11D3-BF4B-00C04F79EFBC}") = "BlogPlatform.Domain.Tests", "tests\BlogPlatform.Domain.Tests\BlogPlatform.Domain.Tests.csproj", "{0F271D8F-AECA-4EAA-9787-AF1C15CF3476}"
EndProject
Project("{FAE04EC0-301F-11D3-BF4B-00C04F79EFBC}") = "BlogPlatform.Infrastructure.Tests", "tests\BlogPlatform.Infrastructure.Tests\BlogPlatform.Infrastructure.Tests.csproj", "{A1EE271C-DA38-44E4-93FB-262E45211176}"
EndProject
Project("{FAE04EC0-301F-11D3-BF4B-00C04F79EFBC}") = "BlogPlatform.Integration.Tests", "tests\BlogPlatform.Integration.Tests\BlogPlatform.Integration.Tests.csproj", "{1AC8630F-C18A-4CCC-A1B9-CDF092E8694C}"
EndProject
Project("{FAE04EC0-301F-11D3-BF4B-00C04F79EFBC}") = "BlogPlatform.Application.Tests", "tests\BlogPlatform.Application.Tests\BlogPlatform.Application.Tests.csproj", "{8EDA7182-A6C2-41A2-BFCC-7F874D7D0101}"
EndProject
Global
	GlobalSection(SolutionConfigurationPlatforms) = preSolution
		Debug|Any CPU = Debug|Any CPU
		Debug|x64 = Debug|x64
		Debug|x86 = Debug|x86
		Release|Any CPU = Release|Any CPU
		Release|x64 = Release|x64
		Release|x86 = Release|x86
	EndGlobalSection
	GlobalSection(ProjectConfigurationPlatforms) = postSolution
		{EDC9BCF9-FC99-4815-AF1B-6F8FD36A2FD3}.Debug|Any CPU.ActiveCfg = Debug|Any CPU
		{EDC9BCF9-FC99-4815-AF1B-6F8FD36A2FD3}.Debug|Any CPU.Build.0 = Debug|Any CPU
		{EDC9BCF9-FC99-4815-AF1B-6F8FD36A2FD3}.Debug|x64.ActiveCfg = Debug|Any CPU
		{EDC9BCF9-FC99-4815-AF1B-6F8FD36A2FD3}.Debug|x64.Build.0 = Debug|Any CPU
		{EDC9BCF9-FC99-4815-AF1B-6F8FD36A2FD3}.Debug|x86.ActiveCfg = Debug|Any CPU
		{EDC9BCF9-FC99-4815-AF1B-6F8FD36A2FD3}.Debug|x86.Build.0 = Debug|Any CPU
		{EDC9BCF9-FC99-4815-AF1B-6F8FD36A2FD3}.Release|Any CPU.ActiveCfg = Release|Any CPU
		{EDC9BCF9-FC99-4815-AF1B-6F8FD36A2FD3}.Release|Any CPU.Build.0 = Release|Any CPU
		{EDC9BCF9-FC99-4815-AF1B-6F8FD36A2FD3}.Release|x64.ActiveCfg = Release|Any CPU
		{EDC9BCF9-FC99-4815-AF1B-6F8FD36A2FD3}.Release|x64.Build.0 = Release|Any CPU
		{EDC9BCF9-FC99-4815-AF1B-6F8FD36A2FD3}.Release|x86.ActiveCfg = Release|Any CPU
		{EDC9BCF9-FC99-4815-AF1B-6F8FD36A2FD3}.Release|x86.Build.0 = Release|Any CPU
		{E5602E61-D4C5-43CC-A9C5-F80C9788DF3C}.Debug|Any CPU.ActiveCfg = Debug|Any CPU
		{E5602E61-D4C5-43CC-A9C5-F80C9788DF3C}.Debug|Any CPU.Build.0 = Debug|Any CPU
		{E5602E61-D4C5-43CC-A9C5-F80C9788DF3C}.Debug|x64.ActiveCfg = Debug|Any CPU
		{E5602E61-D4C5-43CC-A9C5-F80C9788DF3C}.Debug|x64.Build.0 = Debug|Any CPU
		{E5602E61-D4C5-43CC-A9C5-F80C9788DF3C}.Debug|x86.ActiveCfg = Debug|Any CPU
		{E5602E61-D4C5-43CC-A9C5-F80C9788DF3C}.Debug|x86.Build.0 = Debug|Any CPU
		{E5602E61-D4C5-43CC-A9C5-F80C9788DF3C}.Release|Any CPU.ActiveCfg = Release|Any CPU
		{E5602E61-D4C5-43CC-A9C5-F80C9788DF3C}.Release|Any CPU.Build.0 = Release|Any CPU
		{E5602E61-D4C5-43CC-A9C5-F80C9788DF3C}.Release|x64.ActiveCfg = Release|Any CPU
		{E5602E61-D4C5-43CC-A9C5-F80C9788DF3C}.Release|x64.Build.0 = Release|Any CPU
		{E5602E61-D4C5-43CC-A9C5-F80C9788DF3C}.Release|x86.ActiveCfg = Release|Any CPU
		{E5602E61-D4C5-43CC-A9C5-F80C9788DF3C}.Release|x86.Build.0 = Release|Any CPU
		{F4D1E4B3-9651-4593-AFB2-A1F36F45C967}.Debug|Any CPU.ActiveCfg = Debug|Any CPU
		{F4D1E4B3-9651-4593-AFB2-A1F36F45C967}.Debug|Any CPU.Build.0 = Debug|Any CPU
		{F4D1E4B3-9651-4593-AFB2-A1F36F45C967}.Debug|x64.ActiveCfg = Debug|Any CPU
		{F4D1E4B3-9651-4593-AFB2-A1F36F45C967}.Debug|x64.Build.0 = Debug|Any CPU
		{F4D1E4B3-9651-4593-AFB2-A1F36F45C967}.Debug|x86.ActiveCfg = Debug|Any CPU
		{F4D1E4B3-9651-4593-AFB2-A1F36F45C967}.Debug|x86.Build.0 = Debug|Any CPU
		{F4D1E4B3-9651-4593-AFB2-A1F36F45C967}.Release|Any CPU.ActiveCfg = Release|Any CPU
		{F4D1E4B3-9651-4593-AFB2-A1F36F45C967}.Release|Any CPU.Build.0 = Release|Any CPU
		{F4D1E4B3-9651-4593-AFB2-A1F36F45C967}.Release|x64.ActiveCfg = Release|Any CPU
		{F4D1E4B3-9651-4593-AFB2-A1F36F45C967}.Release|x64.Build.0 = Release|Any CPU
		{F4D1E4B3-9651-4593-AFB2-A1F36F45C967}.Release|x86.ActiveCfg = Release|Any CPU
		{F4D1E4B3-9651-4593-AFB2-A1F36F45C967}.Release|x86.Build.0 = Release|Any CPU
		{4F50BAEF-3E0E-4B94-B2F3-927492AEA375}.Debug|Any CPU.ActiveCfg = Debug|Any CPU
		{4F50BAEF-3E0E-4B94-B2F3-927492AEA375}.Debug|Any CPU.Build.0 = Debug|Any CPU
		{4F50BAEF-3E0E-4B94-B2F3-927492AEA375}.Debug|x64.ActiveCfg = Debug|Any CPU
		{4F50BAEF-3E0E-4B94-B2F3-927492AEA375}.Debug|x64.Build.0 = Debug|Any CPU
		{4F50BAEF-3E0E-4B94-B2F3-927492AEA375}.Debug|x86.ActiveCfg = Debug|Any CPU
		{4F50BAEF-3E0E-4B94-B2F3-927492AEA375}.Debug|x86.Build.0 = Debug|Any CPU
		{4F50BAEF-3E0E-4B94-B2F3-927492AEA375}.Release|Any CPU.ActiveCfg = Release|Any CPU
		{4F50BAEF-3E0E-4B94-B2F3-927492AEA375}.Release|Any CPU.Build.0 = Release|Any CPU
		{4F50BAEF-3E0E-4B94-B2F3-927492AEA375}.Release|x64.ActiveCfg = Release|Any CPU
		{4F50BAEF-3E0E-4B94-B2F3-927492AEA375}.Release|x64.Build.0 = Release|Any CPU
		{4F50BAEF-3E0E-4B94-B2F3-927492AEA375}.Release|x86.ActiveCfg = Release|Any CPU
		{4F50BAEF-3E0E-4B94-B2F3-927492AEA375}.Release|x86.Build.0 = Release|Any CPU
		{0F271D8F-AECA-4EAA-9787-AF1C15CF3476}.Debug|Any CPU.ActiveCfg = Debug|Any CPU
		{0F271D8F-AECA-4EAA-9787-AF1C15CF3476}.Debug|Any CPU.Build.0 = Debug|Any CPU
		{0F271D8F-AECA-4EAA-9787-AF1C15CF3476}.Debug|x64.ActiveCfg = Debug|Any CPU
		{0F271D8F-AECA-4EAA-9787-AF1C15CF3476}.Debug|x64.Build.0 = Debug|Any CPU
		{0F271D8F-AECA-4EAA-9787-AF1C15CF3476}.Debug|x86.ActiveCfg = Debug|Any CPU
		{0F271D8F-AECA-4EAA-9787-AF1C15CF3476}.Debug|x86.Build.0 = Debug|Any CPU
		{0F271D8F-AECA-4EAA-9787-AF1C15CF3476}.Release|Any CPU.ActiveCfg = Release|Any CPU
		{0F271D8F-AECA-4EAA-9787-AF1C15CF3476}.Release|Any CPU.Build.0 = Release|Any CPU
		{0F271D8F-AECA-4EAA-9787-AF1C15CF3476}.Release|x64.ActiveCfg = Release|Any CPU
		{0F271D8F-AECA-4EAA-9787-AF1C15CF3476}.Release|x64.Build.0 = Release|Any CPU
		{0F271D8F-AECA-4EAA-9787-AF1C15CF3476}.Release|x86.ActiveCfg = Release|Any CPU
		{0F271D8F-AECA-4EAA-9787-AF1C15CF3476}.Release|x86.Build.0 = Release|Any CPU
		{A1EE271C-DA38-44E4-93FB-262E45211176}.Debug|Any CPU.ActiveCfg = Debug|Any CPU
		{A1EE271C-DA38-44E4-93FB-262E45211176}.Debug|Any CPU.Build.0 = Debug|Any CPU
		{A1EE271C-DA38-44E4-93FB-262E45211176}.Debug|x64.ActiveCfg = Debug|Any CPU
		{A1EE271C-DA38-44E4-93FB-262E45211176}.Debug|x64.Build.0 = Debug|Any CPU
		{A1EE271C-DA38-44E4-93FB-262E45211176}.Debug|x86.ActiveCfg = Debug|Any CPU
		{A1EE271C-DA38-44E4-93FB-262E45211176}.Debug|x86.Build.0 = Debug|Any CPU
		{A1EE271C-DA38-44E4-93FB-262E45211176}.Release|Any CPU.ActiveCfg = Release|Any CPU
		{A1EE271C-DA38-44E4-93FB-262E45211176}.Release|Any CPU.Build.0 = Release|Any CPU
		{A1EE271C-DA38-44E4-93FB-262E45211176}.Release|x64.ActiveCfg = Release|Any CPU
		{A1EE271C-DA38-44E4-93FB-262E45211176}.Release|x64.Build.0 = Release|Any CPU
		{A1EE271C-DA38-44E4-93FB-262E45211176}.Release|x86.ActiveCfg = Release|Any CPU
		{A1EE271C-DA38-44E4-93FB-262E45211176}.Release|x86.Build.0 = Release|Any CPU
		{1AC8630F-C18A-4CCC-A1B9-CDF092E8694C}.Debug|Any CPU.ActiveCfg = Debug|Any CPU
		{1AC8630F-C18A-4CCC-A1B9-CDF092E8694C}.Debug|Any CPU.Build.0 = Debug|Any CPU
		{1AC8630F-C18A-4CCC-A1B9-CDF092E8694C}.Debug|x64.ActiveCfg = Debug|Any CPU
		{1AC8630F-C18A-4CCC-A1B9-CDF092E8694C}.Debug|x64.Build.0 = Debug|Any CPU
		{1AC8630F-C18A-4CCC-A1B9-CDF092E8694C}.Debug|x86.ActiveCfg = Debug|Any CPU
		{1AC8630F-C18A-4CCC-A1B9-CDF092E8694C}.Debug|x86.Build.0 = Debug|Any CPU
		{1AC8630F-C18A-4CCC-A1B9-CDF092E8694C}.Release|Any CPU.ActiveCfg = Release|Any CPU
		{1AC8630F-C18A-4CCC-A1B9-CDF092E8694C}.Release|Any CPU.Build.0 = Release|Any CPU
		{1AC8630F-C18A-4CCC-A1B9-CDF092E8694C}.Release|x64.ActiveCfg = Release|Any CPU
		{1AC8630F-C18A-4CCC-A1B9-CDF092E8694C}.Release|x64.Build.0 = Release|Any CPU
		{1AC8630F-C18A-4CCC-A1B9-CDF092E8694C}.Release|x86.ActiveCfg = Release|Any CPU
		{1AC8630F-C18A-4CCC-A1B9-CDF092E8694C}.Release|x86.Build.0 = Release|Any CPU
		{8EDA7182-A6C2-41A2-BFCC-7F874D7D0101}.Debug|Any CPU.ActiveCfg = Debug|Any CPU
		{8EDA7182-A6C2-41A2-BFCC-7F874D7D0101}.Debug|Any CPU.Build.0 = Debug|Any CPU
		{8EDA7182-A6C2-41A2-BFCC-7F874D7D0101}.Debug|x64.ActiveCfg = Debug|Any CPU
		{8EDA7182-A6C2-41A2-BFCC-7F874D7D0101}.Debug|x64.Build.0 = Debug|Any CPU
		{8EDA7182-A6C2-41A2-BFCC-7F874D7D0101}.Debug|x86.ActiveCfg = Debug|Any CPU
		{8EDA7182-A6C2-41A2-BFCC-7F874D7D0101}.Debug|x86.Build.0 = Debug|Any CPU
		{8EDA7182-A6C2-41A2-BFCC-7F874D7D0101}.Release|Any CPU.ActiveCfg = Release|Any CPU
		{8EDA7182-A6C2-41A2-BFCC-7F874D7D0101}.Release|Any CPU.Build.0 = Release|Any CPU
		{8EDA7182-A6C2-41A2-BFCC-7F874D7D0101}.Release|x64.ActiveCfg = Release|Any CPU
		{8EDA7182-A6C2-41A2-BFCC-7F874D7D0101}.Release|x64.Build.0 = Release|Any CPU
		{8EDA7182-A6C2-41A2-BFCC-7F874D7D0101}.Release|x86.ActiveCfg = Release|Any CPU
		{8EDA7182-A6C2-41A2-BFCC-7F874D7D0101}.Release|x86.Build.0 = Release|Any CPU
	EndGlobalSection
	GlobalSection(SolutionProperties) = preSolution
		HideSolutionNode = FALSE
	EndGlobalSection
	GlobalSection(NestedProjects) = preSolution
		{EDC9BCF9-FC99-4815-AF1B-6F8FD36A2FD3} = {827E0CD3-B72D-47B6-A68D-7590B98EB39B}
		{E5602E61-D4C5-43CC-A9C5-F80C9788DF3C} = {827E0CD3-B72D-47B6-A68D-7590B98EB39B}
		{F4D1E4B3-9651-4593-AFB2-A1F36F45C967} = {827E0CD3-B72D-47B6-A68D-7590B98EB39B}
		{4F50BAEF-3E0E-4B94-B2F3-927492AEA375} = {827E0CD3-B72D-47B6-A68D-7590B98EB39B}
		{0F271D8F-AECA-4EAA-9787-AF1C15CF3476} = {0AB3BF05-4346-4AA6-1389-037BE0695223}
		{A1EE271C-DA38-44E4-93FB-262E45211176} = {0AB3BF05-4346-4AA6-1389-037BE0695223}
		{1AC8630F-C18A-4CCC-A1B9-CDF092E8694C} = {0AB3BF05-4346-4AA6-1389-037BE0695223}
		{8EDA7182-A6C2-41A2-BFCC-7F874D7D0101} = {0AB3BF05-4346-4AA6-1389-037BE0695223}
	EndGlobalSection
EndGlobal
